
Microsoft Visual Studio Solution File, Format Version 12.00
Project("{FAE04EC0-301F-11D3-BF4B-00C04F79EFBC}") = "InputSubsystem", "InputSubsystem\InputSubsystem.csproj", "{4CFA49B6-06EB-4EBE-B005-5CA00AEA9F36}"
EndProject
Project("{FAE04EC0-301F-11D3-BF4B-00C04F79EFBC}") = "ParserSubsystem", "ParserSubsystem\ParserSubsystem.csproj", "{658E622A-D0A6-4E72-83D2-AA7851D2B511}"
EndProject
Project("{FAE04EC0-301F-11D3-BF4B-00C04F79EFBC}") = "OutputSubsystem", "OutputSubsystem\OutputSubsystem.csproj", "{4E9E1849-DFA5-4B65-B59A-052753715B48}"
EndProject
Project("{FAE04EC0-301F-11D3-BF4B-00C04F79EFBC}") = "Common", "Common\Common.csproj", "{CF2F6020-29C7-4938-9C44-68818FBCB6A2}"
EndProject
Project("{2150E333-8FDC-42A3-9474-1A3956D46DE8}") = "Tests", "Tests", "{66A8F4BE-FF38-499C-9960-035439373763}"
EndProject
Project("{2150E333-8FDC-42A3-9474-1A3956D46DE8}") = "Small", "Small", "{43FE8DA5-30D7-4448-B510-469D23419486}"
EndProject
Project("{2150E333-8FDC-42A3-9474-1A3956D46DE8}") = "Medium", "Medium", "{A69420E6-B93B-4FD9-B21A-589645073725}"
EndProject
Project("{2150E333-8FDC-42A3-9474-1A3956D46DE8}") = "Large", "Large", "{A767C1EA-3C52-4454-88E1-0109F52DFB36}"
EndProject
Global
	GlobalSection(SolutionConfigurationPlatforms) = preSolution
		Debug|Any CPU = Debug|Any CPU
		Release|Any CPU = Release|Any CPU
	EndGlobalSection
	GlobalSection(ProjectConfigurationPlatforms) = postSolution
		{4CFA49B6-06EB-4EBE-B005-5CA00AEA9F36}.Debug|Any CPU.ActiveCfg = Debug|Any CPU
		{4CFA49B6-06EB-4EBE-B005-5CA00AEA9F36}.Debug|Any CPU.Build.0 = Debug|Any CPU
		{4CFA49B6-06EB-4EBE-B005-5CA00AEA9F36}.Release|Any CPU.ActiveCfg = Release|Any CPU
		{4CFA49B6-06EB-4EBE-B005-5CA00AEA9F36}.Release|Any CPU.Build.0 = Release|Any CPU
		{658E622A-D0A6-4E72-83D2-AA7851D2B511}.Debug|Any CPU.ActiveCfg = Debug|Any CPU
		{658E622A-D0A6-4E72-83D2-AA7851D2B511}.Debug|Any CPU.Build.0 = Debug|Any CPU
		{658E622A-D0A6-4E72-83D2-AA7851D2B511}.Release|Any CPU.ActiveCfg = Release|Any CPU
		{658E622A-D0A6-4E72-83D2-AA7851D2B511}.Release|Any CPU.Build.0 = Release|Any CPU
		{4E9E1849-DFA5-4B65-B59A-052753715B48}.Debug|Any CPU.ActiveCfg = Debug|Any CPU
		{4E9E1849-DFA5-4B65-B59A-052753715B48}.Debug|Any CPU.Build.0 = Debug|Any CPU
		{4E9E1849-DFA5-4B65-B59A-052753715B48}.Release|Any CPU.ActiveCfg = Release|Any CPU
		{4E9E1849-DFA5-4B65-B59A-052753715B48}.Release|Any CPU.Build.0 = Release|Any CPU
		{CF2F6020-29C7-4938-9C44-68818FBCB6A2}.Debug|Any CPU.ActiveCfg = Debug|Any CPU
		{CF2F6020-29C7-4938-9C44-68818FBCB6A2}.Debug|Any CPU.Build.0 = Debug|Any CPU
		{CF2F6020-29C7-4938-9C44-68818FBCB6A2}.Release|Any CPU.ActiveCfg = Release|Any CPU
		{CF2F6020-29C7-4938-9C44-68818FBCB6A2}.Release|Any CPU.Build.0 = Release|Any CPU
	EndGlobalSection
	GlobalSection(NestedProjects) = preSolution
		{43FE8DA5-30D7-4448-B510-469D23419486} = {66A8F4BE-FF38-499C-9960-035439373763}
		{A69420E6-B93B-4FD9-B21A-589645073725} = {66A8F4BE-FF38-499C-9960-035439373763}
		{A767C1EA-3C52-4454-88E1-0109F52DFB36} = {66A8F4BE-FF38-499C-9960-035439373763}
	EndGlobalSection
EndGlobal
